# This file is automatically @generated by Cargo.
# It is not intended for manual editing.
version = 3

[[package]]
name = "q-airlock"
version = "0.1.0"
dependencies = [
 "q-codec",
]

[[package]]
name = "q-assets"
version = "0.1.0"

[[package]]
name = "q-attestor"
version = "0.1.0"
dependencies = [
 "q-airlock",
 "q-codec",
 "q-gateway",
 "qtv-crypto 0.3.0",
]

[[package]]
name = "q-codec"
version = "0.1.0"

[[package]]
name = "q-exits"
version = "0.1.0"
dependencies = [
 "q-codec",
 "qtv-crypto 0.3.0",
]

[[package]]
name = "q-federated"
version = "0.1.0"
dependencies = [
 "q-airlock",
 "q-codec",
 "q-gateway",
 "qtv-crypto 0.3.0",
]

[[package]]
name = "q-gateway"
version = "0.1.0"
dependencies = [
 "q-airlock",
 "q-codec",
 "qtv-crypto 0.3.0",
]

[[package]]
name = "q-prover-bridge"
version = "0.1.0"
dependencies = [
 "q-airlock",
 "q-codec",
 "qtv-crypto 0.3.0",
 "qtv-stark",
]

[[package]]
name = "q-watchtower"
version = "0.1.0"
dependencies = [
 "q-airlock",
 "q-codec",
 "q-gateway",
 "qtv-crypto 0.3.0",
]

[[package]]
name = "qtv-crypto"
version = "0.3.0"

[[package]]
name = "qtv-crypto"
version = "0.3.0"
source = "git+https://github.com/Quantova/Q-Crypto.git?tag=v0.3.0#4c0bdcb7dce9d2de6f9f510b0695377321076fef"

[[package]]
name = "qtv-stark"
version = "0.1.0"
dependencies = [
 "qtv-crypto 0.3.0 (git+https://github.com/Quantova/Q-Crypto.git?tag=v0.3.0)",
]
