# This file is automatically @generated by Cargo.
# It is not intended for manual editing.
version = 3

[[package]]
name = "q-airlock"
version = "0.1.0"
dependencies = [
 "q-codec",
]

[[package]]
name = "q-attestor"
version = "0.1.0"
dependencies = [
 "q-airlock",
 "q-codec",
 "q-gateway",
 "qtv-crypto",
]

[[package]]
name = "q-codec"
version = "0.1.0"

[[package]]
name = "q-federated"
version = "0.1.0"
dependencies = [
 "q-airlock",
 "q-codec",
 "q-gateway",
 "qtv-crypto",
]

[[package]]
name = "q-gateway"
version = "0.1.0"
dependencies = [
 "q-airlock",
 "q-codec",
 "qtv-crypto",
]

[[package]]
name = "q-watchtower"
version = "0.1.0"
dependencies = [
 "q-codec",
 "q-gateway",
]

[[package]]
name = "qtv-crypto"
version = "0.3.0"
